// !$*UTF8*$!
{
	archiveVersion = 1;
	classes = {
	};
	objectVersion = 46;
	objects = {

/* Begin PBXBuildFile section */
		2731C4041C5BB2460018486D /* AppDelegate.swift in Sources */ = {isa = PBXBuildFile; fileRef = 2731C4031C5BB2460018486D /* AppDelegate.swift */; };
		2731C4061C5BB2460018486D /* ViewController.swift in Sources */ = {isa = PBXBuildFile; fileRef = 2731C4051C5BB2460018486D /* ViewController.swift */; };
		2731C4091C5BB2460018486D /* Main.storyboard in Resources */ = {isa = PBXBuildFile; fileRef = 2731C4071C5BB2460018486D /* Main.storyboard */; };
		2731C40B1C5BB2460018486D /* Assets.xcassets in Resources */ = {isa = PBXBuildFile; fileRef = 2731C40A1C5BB2460018486D /* Assets.xcassets */; };
		2731C40E1C5BB2460018486D /* LaunchScreen.storyboard in Resources */ = {isa = PBXBuildFile; fileRef = 2731C40C1C5BB2460018486D /* LaunchScreen.storyboard */; };
/* End PBXBuildFile section */

/* Begin PBXFileReference section */
		2731C4001C5BB2460018486D /* RedvsBlue.app */ = {isa = PBXFileReference; explicitFileType = wrapper.application; includeInIndex = 0; path = RedvsBlue.app; sourceTree = BUILT_PRODUCTS_DIR; };
		2731C4031C5BB2460018486D /* AppDelegate.swift */ = {isa = PBXFileReference; lastKnownFileType = sourcecode.swift; path = AppDelegate.swift; sourceTree = "<group>"; };
		2731C4051C5BB2460018486D /* ViewController.swift */ = {isa = PBXFileReference; lastKnownFileType = sourcecode.swift; path = ViewController.swift; sourceTree = "<group>"; };
		2731C4081C5BB2460018486D /* Base */ = {isa = PBXFileReference; lastKnownFileType = file.storyboard; name = Base; path = Base.lproj/Main.storyboard; sourceTree = "<group>"; };
		2731C40A1C5BB2460018486D /* Assets.xcassets */ = {isa = PBXFileReference; lastKnownFileType = folder.assetcatalog; path = Assets.xcassets; sourceTree = "<group>"; };
		2731C40D1C5BB2460018486D /* Base */ = {isa = PBXFileReference; lastKnownFileType = file.storyboard; name = Base; path = Base.lproj/LaunchScreen.storyboard; sourceTree = "<group>"; };
		2731C40F1C5BB2460018486D /* Info.plist */ = {isa = PBXFileReference; lastKnownFileType = text.plist.xml; path = Info.plist; sourceTree = "<group>"; };
/* End PBXFileReference section */

/* Begin PBXFrameworksBuildPhase section */
		2731C3FD1C5BB2460018486D /* Frameworks */ = {
			isa = PBXFrameworksBuildPhase;
			buildActionMask = 2147483647;
			files = (
			);
			runOnlyForDeploymentPostprocessing = 0;
		};
/* End PBXFrameworksBuildPhase section */

/* Begin PBXGroup section */
		2731C3F71C5BB2460018486D = {
			isa = PBXGroup;
			children = (
				2731C4021C5BB2460018486D /* RedvsBlue */,
				2731C4011C5BB2460018486D /* Products */,
			);
			sourceTree = "<group>";
		};
		2731C4011C5BB2460018486D /* Products */ = {
			isa = PBXGroup;
			children = (
				2731C4001C5BB2460018486D /* RedvsBlue.app */,
			);
			name = Products;
			sourceTree = "<group>";
		};
		2731C4021C5BB2460018486D /* RedvsBlue */ = {
			isa = PBXGroup;
			children = (
				2731C4031C5BB2460018486D /* AppDelegate.swift */,
				2731C4051C5BB2460018486D /* ViewController.swift */,
				2731C4071C5BB2460018486D /* Main.storyboard */,
				2731C40A1C5BB2460018486D /* Assets.xcassets */,
				2731C40C1C5BB2460018486D /* LaunchScreen.storyboard */,
				2731C40F1C5BB2460018486D /* Info.plist */,
			);
			path = RedvsBlue;
			sourceTree = "<group>";
		};
/* End PBXGroup section */

/* Begin PBXNativeTarget section */
		2731C3FF1C5BB2460018486D /* RedvsBlue */ = {
			isa = PBXNativeTarget;
			buildConfigurationList = 2731C4121C5BB2460018486D /* Build configuration list for PBXNativeTarget "RedvsBlue" */;
			buildPhases = (
				2731C3FC1C5BB2460018486D /* Sources */,
				2731C3FD1C5BB2460018486D /* Frameworks */,
				2731C3FE1C5BB2460018486D /* Resources */,
			);
			buildRules = (
			);
			dependencies = (
			);
			name = RedvsBlue;
			productName = RedvsBlue;
			productReference = 2731C4001C5BB2460018486D /* RedvsBlue.app */;
			productType = "com.apple.product-type.application";
		};
/* End PBXNativeTarget section */

/* Begin PBXProject section */
		2731C3F81C5BB2460018486D /* Project object */ = {
			isa = PBXProject;
			attributes = {
				LastSwiftUpdateCheck = 0720;
				LastUpgradeCheck = 0720;
				ORGANIZATIONNAME = Mike;
				TargetAttributes = {
					2731C3FF1C5BB2460018486D = {
						CreatedOnToolsVersion = 7.2;
					};
				};
			};
			buildConfigurationList = 2731C3FB1C5BB2460018486D /* Build configuration list for PBXProject "RedvsBlue" */;
			compatibilityVersion = "Xcode 3.2";
			developmentRegion = English;
			hasScannedForEncodings = 0;
			knownRegions = (
				en,
				Base,
			);
			mainGroup = 2731C3F71C5BB2460018486D;
			productRefGroup = 2731C4011C5BB2460018486D /* Products */;
			projectDirPath = "";
			projectRoot = "";
			targets = (
				2731C3FF1C5BB2460018486D /* RedvsBlue */,
			);
		};
/* End PBXProject section */

/* Begin PBXResourcesBuildPhase section */
		2731C3FE1C5BB2460018486D /* Resources */ = {
			isa = PBXResourcesBuildPhase;
			buildActionMask = 2147483647;
			files = (
				2731C40E1C5BB2460018486D /* LaunchScreen.storyboard in Resources */,
				2731C40B1C5BB2460018486D /* Assets.xcassets in Resources */,
				2731C4091C5BB2460018486D /* Main.storyboard in Resources */,
			);
			runOnlyForDeploymentPostprocessing = 0;
		};
/* End PBXResourcesBuildPhase section */

/* Begin PBXSourcesBuildPhase section */
		2731C3FC1C5BB2460018486D /* Sources */ = {
			isa = PBXSourcesBuildPhase;
			buildActionMask = 2147483647;
			files = (
				2731C4061C5BB2460018486D /* ViewController.swift in Sources */,
				2731C4041C5BB2460018486D /* AppDelegate.swift in Sources */,
			);
			runOnlyForDeploymentPostprocessing = 0;
		};
/* End PBXSourcesBuildPhase section */

/* Begin PBXVariantGroup section */
		2731C4071C5BB2460018486D /* Main.storyboard */ = {
			isa = PBXVariantGroup;
			children = (
				2731C4081C5BB2460018486D /* Base */,
			);
			name = Main.storyboard;
			sourceTree = "<group>";
		};
		2731C40C1C5BB2460018486D /* LaunchScreen.storyboard */ = {
			isa = PBXVariantGroup;
			children = (
				2731C40D1C5BB2460018486D /* Base */,
			);
			name = LaunchScreen.storyboard;
			sourceTree = "<group>";
		};
/* End PBXVariantGroup section */

/* Begin XCBuildConfiguration section */
		2731C4101C5BB2460018486D /* Debug */ = {
			isa = XCBuildConfiguration;
			buildSettings = {
				ALWAYS_SEARCH_USER_PATHS = NO;
				CLANG_CXX_LANGUAGE_STANDARD = "gnu++0x";
				CLANG_CXX_LIBRARY = "libc++";
				CLANG_ENABLE_MODULES = YES;
				CLANG_ENABLE_OBJC_ARC = YES;
				CLANG_WARN_BOOL_CONVERSION = YES;
				CLANG_WARN_CONSTANT_CONVERSION = YES;
				CLANG_WARN_DIRECT_OBJC_ISA_USAGE = YES_ERROR;
				CLANG_WARN_EMPTY_BODY = YES;
				CLANG_WARN_ENUM_CONVERSION = YES;
				CLANG_WARN_INT_CONVERSION = YES;
				CLANG_WARN_OBJC_ROOT_CLASS = YES_ERROR;
				CLANG_WARN_UNREACHABLE_CODE = YES;
				CLANG_WARN__DUPLICATE_METHOD_MATCH = YES;
				"CODE_SIGN_IDENTITY[sdk=iphoneos*]" = "iPhone Developer";
				COPY_PHASE_STRIP = NO;
				DEBUG_INFORMATION_FORMAT = dwarf;
				ENABLE_STRICT_OBJC_MSGSEND = YES;
				ENABLE_TESTABILITY = YES;
				GCC_C_LANGUAGE_STANDARD = gnu99;
				GCC_DYNAMIC_NO_PIC = NO;
				GCC_NO_COMMON_BLOCKS = YES;
				GCC_OPTIMIZATION_LEVEL = 0;
				GCC_PREPROCESSOR_DEFINITIONS = (
					"DEBUG=1",
					"$(inherited)",
				);
				GCC_WARN_64_TO_32_BIT_CONVERSION = YES;
				GCC_WARN_ABOUT_RETURN_TYPE = YES_ERROR;
				GCC_WARN_UNDECLARED_SELECTOR = YES;
				GCC_WARN_UNINITIALIZED_AUTOS = YES_AGGRESSIVE;
				GCC_WARN_UNUSED_FUNCTION = YES;
				GCC_WARN_UNUSED_VARIABLE = YES;
				IPHONEOS_DEPLOYMENT_TARGET = 9.2;
				MTL_ENABLE_DEBUG_INFO = YES;
				ONLY_ACTIVE_ARCH = YES;
				SDKROOT = iphoneos;
				SWIFT_OPTIMIZATION_LEVEL = "-Onone";
			};
			name = Debug;
		};
		2731C4111C5BB2460018486D /* Release */ = {
			isa = XCBuildConfiguration;
			buildSettings = {
				ALWAYS_SEARCH_USER_PATHS = NO;
				CLANG_CXX_LANGUAGE_STANDARD = "gnu++0x";
				CLANG_CXX_LIBRARY = "libc++";
				CLANG_ENABLE_MODULES = YES;
				CLANG_ENABLE_OBJC_ARC = YES;
				CLANG_WARN_BOOL_CONVERSION = YES;
				CLANG_WARN_CONSTANT_CONVERSION = YES;
				CLANG_WARN_DIRECT_OBJC_ISA_USAGE = YES_ERROR;
				CLANG_WARN_EMPTY_BODY = YES;
				CLANG_WARN_ENUM_CONVERSION = YES;
				CLANG_WARN_INT_CONVERSION = YES;
				CLANG_WARN_OBJC_ROOT_CLASS = YES_ERROR;
				CLANG_WARN_UNREACHABLE_CODE = YES;
				CLANG_WARN__DUPLICATE_METHOD_MATCH = YES;
				"CODE_SIGN_IDENTITY[sdk=iphoneos*]" = "iPhone Developer";
				COPY_PHASE_STRIP = NO;
				DEBUG_INFORMATION_FORMAT = "dwarf-with-dsym";
				ENABLE_NS_ASSERTIONS = NO;
				ENABLE_STRICT_OBJC_MSGSEND = YES;
				GCC_C_LANGUAGE_STANDARD = gnu99;
				GCC_NO_COMMON_BLOCKS = YES;
				GCC_WARN_64_TO_32_BIT_CONVERSION = YES;
				GCC_WARN_ABOUT_RETURN_TYPE = YES_ERROR;
				GCC_WARN_UNDECLARED_SELECTOR = YES;
				GCC_WARN_UNINITIALIZED_AUTOS = YES_AGGRESSIVE;
				GCC_WARN_UNUSED_FUNCTION = YES;
				GCC_WARN_UNUSED_VARIABLE = YES;
				IPHONEOS_DEPLOYMENT_TARGET = 9.2;
				MTL_ENABLE_DEBUG_INFO = NO;
				SDKROOT = iphoneos;
				VALIDATE_PRODUCT = YES;
			};
			name = Release;
		};
		2731C4131C5BB2460018486D /* Debug */ = {
			isa = XCBuildConfiguration;
			buildSettings = {
				ASSETCATALOG_COMPILER_APPICON_NAME = AppIcon;
				INFOPLIST_FILE = RedvsBlue/Info.plist;
				LD_RUNPATH_SEARCH_PATHS = "$(inherited) @executable_path/Frameworks";
				PRODUCT_BUNDLE_IDENTIFIER = com.mike.RedvsBlue;
				PRODUCT_NAME = "$(TARGET_NAME)";
			};
			name = Debug;
		};
		2731C4141C5BB2460018486D /* Release */ = {
			isa = XCBuildConfiguration;
			buildSettings = {
				ASSETCATALOG_COMPILER_APPICON_NAME = AppIcon;
				INFOPLIST_FILE = RedvsBlue/Info.plist;
				LD_RUNPATH_SEARCH_PATHS = "$(inherited) @executable_path/Frameworks";
				PRODUCT_BUNDLE_IDENTIFIER = com.mike.RedvsBlue;
				PRODUCT_NAME = "$(TARGET_NAME)";
			};
			name = Release;
		};
/* End XCBuildConfiguration section */

/* Begin XCConfigurationList section */
		2731C3FB1C5BB2460018486D /* Build configuration list for PBXProject "RedvsBlue" */ = {
			isa = XCConfigurationList;
			buildConfigurations = (
				2731C4101C5BB2460018486D /* Debug */,
				2731C4111C5BB2460018486D /* Release */,
			);
			defaultConfigurationIsVisible = 0;
			defaultConfigurationName = Release;
		};
		2731C4121C5BB2460018486D /* Build configuration list for PBXNativeTarget "RedvsBlue" */ = {
			isa = XCConfigurationList;
			buildConfigurations = (
				2731C4131C5BB2460018486D /* Debug */,
				2731C4141C5BB2460018486D /* Release */,
			);
			defaultConfigurationIsVisible = 0;
		};
/* End XCConfigurationList section */
	};
	rootObject = 2731C3F81C5BB2460018486D /* Project object */;
}
